# Generated by buf. DO NOT EDIT.
version: v1
deps:
  - remote: buf.build
    owner: bufbuild
    repository: protovalidate
    commit: 46a4cf4ba1094a34bcd89a6c67163b4b
    digest: shake256:436ce453801917c11bc7b21d66bcfae87da2aceb804a041487be1e51dc9fbc219e61ea6a552db7a7aa6d63bb5efd0f3ed5fe3d4c42d4f750d0eb35f14144e3b6
  - remote: buf.build
    owner: googleapis
    repository: googleapis
    commit: f0e53af8f2fc4556b94f482688b57223
    digest: shake256:de26a277fc28b8b411ecf58729d78d32fcf15090ffd998a4469225b17889bfb51442eaab04bb7a8d88d203ecdf0a9febd4ffd52c18ed1c2229160c7bd353ca95
  - remote: buf.build
    owner: pentops
    repository: j5
    commit: cb386351972643898745edecf43ecabf
    digest: shake256:382ba8fa19d1b9ddd3568bf0bb95b236b5cb0835e3aeff718e77d3497e7503b77760c9c608cbf0d25168641e5f86678b4c5ac031d5d65a74cea7a4666bdce22a
  - remote: buf.build
    owner: pentops
    repository: listify
    commit: 88fbd382a3e34ecfb80f8e35c19126c3
    digest: shake256:832cd76e75747f5a073a97d50f6562fe2fd7e96f5fbd4950b5291d623da486409aabf2a09e06c1d26df1692f0301b40b880cbf800dd7ba7f794c764bd53aa15d
